{
  "requires": true,
  "lockfileVersion": 1,
  "dependencies": {
    "create-next-app": {
      "version": "10.0.5",
      "resolved": "https://registry.npmjs.org/create-next-app/-/create-next-app-10.0.5.tgz",
      "integrity": "sha512-KAqgjnVIfrqH2nT/9zbNiUGqTsTvHWa6mMP2xRprAsGJ8hU2vNR/yKVKhjfx266kdNF37MmJsC0ZnPa3BOk2JQ=="
    }
  }
}
